// !$*UTF8*$!
{
	archiveVersion = 1;
	classes = {
	};
	objectVersion = 46;
	objects = {

/* Begin PBXBuildFile section */
		B21C21651DF98B580060F521 /* main.m in Sources */ = {isa = PBXBuildFile; fileRef = B21C21641DF98B580060F521 /* main.m */; };
		B21C21681DF98B580060F521 /* AppDelegate.m in Sources */ = {isa = PBXBuildFile; fileRef = B21C21671DF98B580060F521 /* AppDelegate.m */; };
		B21C216B1DF98B580060F521 /* ViewController.m in Sources */ = {isa = PBXBuildFile; fileRef = B21C216A1DF98B580060F521 /* ViewController.m */; };
		B21C216E1DF98B580060F521 /* Main.storyboard in Resources */ = {isa = PBXBuildFile; fileRef = B21C216C1DF98B580060F521 /* Main.storyboard */; };
		B21C21701DF98B580060F521 /* Assets.xcassets in Resources */ = {isa = PBXBuildFile; fileRef = B21C216F1DF98B580060F521 /* Assets.xcassets */; };
		B21C21731DF98B580060F521 /* LaunchScreen.storyboard in Resources */ = {isa = PBXBuildFile; fileRef = B21C21711DF98B580060F521 /* LaunchScreen.storyboard */; };
		B21C217E1DF98B580060F521 /* com_danmuTests.m in Sources */ = {isa = PBXBuildFile; fileRef = B21C217D1DF98B580060F521 /* com_danmuTests.m */; };
		B21C21891DF98B580060F521 /* com_danmuUITests.m in Sources */ = {isa = PBXBuildFile; fileRef = B21C21881DF98B580060F521 /* com_danmuUITests.m */; };
		B21C21991DF98C0A0060F521 /* BulletView.m in Sources */ = {isa = PBXBuildFile; fileRef = B21C21981DF98C0A0060F521 /* BulletView.m */; };
		B21C219C1DF998DC0060F521 /* BulletManager.m in Sources */ = {isa = PBXBuildFile; fileRef = B21C219B1DF998DC0060F521 /* BulletManager.m */; };
/* End PBXBuildFile section */

/* Begin PBXContainerItemProxy section */
		B21C217A1DF98B580060F521 /* PBXContainerItemProxy */ = {
			isa = PBXContainerItemProxy;
			containerPortal = B21C21581DF98B580060F521 /* Project object */;
			proxyType = 1;
			remoteGlobalIDString = B21C215F1DF98B580060F521;
			remoteInfo = "com-danmu";
		};
		B21C21851DF98B580060F521 /* PBXContainerItemProxy */ = {
			isa = PBXContainerItemProxy;
			containerPortal = B21C21581DF98B580060F521 /* Project object */;
			proxyType = 1;
			remoteGlobalIDString = B21C215F1DF98B580060F521;
			remoteInfo = "com-danmu";
		};
/* End PBXContainerItemProxy section */

/* Begin PBXFileReference section */
		B21C21601DF98B580060F521 /* com-danmu.app */ = {isa = PBXFileReference; explicitFileType = wrapper.application; includeInIndex = 0; path = "com-danmu.app"; sourceTree = BUILT_PRODUCTS_DIR; };
		B21C21641DF98B580060F521 /* main.m */ = {isa = PBXFileReference; lastKnownFileType = sourcecode.c.objc; path = main.m; sourceTree = "<group>"; };
		B21C21661DF98B580060F521 /* AppDelegate.h */ = {isa = PBXFileReference; lastKnownFileType = sourcecode.c.h; path = AppDelegate.h; sourceTree = "<group>"; };
		B21C21671DF98B580060F521 /* AppDelegate.m */ = {isa = PBXFileReference; lastKnownFileType = sourcecode.c.objc; path = AppDelegate.m; sourceTree = "<group>"; };
		B21C21691DF98B580060F521 /* ViewController.h */ = {isa = PBXFileReference; lastKnownFileType = sourcecode.c.h; path = ViewController.h; sourceTree = "<group>"; };
		B21C216A1DF98B580060F521 /* ViewController.m */ = {isa = PBXFileReference; lastKnownFileType = sourcecode.c.objc; path = ViewController.m; sourceTree = "<group>"; };
		B21C216D1DF98B580060F521 /* Base */ = {isa = PBXFileReference; lastKnownFileType = file.storyboard; name = Base; path = Base.lproj/Main.storyboard; sourceTree = "<group>"; };
		B21C216F1DF98B580060F521 /* Assets.xcassets */ = {isa = PBXFileReference; lastKnownFileType = folder.assetcatalog; path = Assets.xcassets; sourceTree = "<group>"; };
		B21C21721DF98B580060F521 /* Base */ = {isa = PBXFileReference; lastKnownFileType = file.storyboard; name = Base; path = Base.lproj/LaunchScreen.storyboard; sourceTree = "<group>"; };
		B21C21741DF98B580060F521 /* Info.plist */ = {isa = PBXFileReference; lastKnownFileType = text.plist.xml; path = Info.plist; sourceTree = "<group>"; };
		B21C21791DF98B580060F521 /* com-danmuTests.xctest */ = {isa = PBXFileReference; explicitFileType = wrapper.cfbundle; includeInIndex = 0; path = "com-danmuTests.xctest"; sourceTree = BUILT_PRODUCTS_DIR; };
		B21C217D1DF98B580060F521 /* com_danmuTests.m */ = {isa = PBXFileReference; lastKnownFileType = sourcecode.c.objc; path = com_danmuTests.m; sourceTree = "<group>"; };
		B21C217F1DF98B580060F521 /* Info.plist */ = {isa = PBXFileReference; lastKnownFileType = text.plist.xml; path = Info.plist; sourceTree = "<group>"; };
		B21C21841DF98B580060F521 /* com-danmuUITests.xctest */ = {isa = PBXFileReference; explicitFileType = wrapper.cfbundle; includeInIndex = 0; path = "com-danmuUITests.xctest"; sourceTree = BUILT_PRODUCTS_DIR; };
		B21C21881DF98B580060F521 /* com_danmuUITests.m */ = {isa = PBXFileReference; lastKnownFileType = sourcecode.c.objc; path = com_danmuUITests.m; sourceTree = "<group>"; };
		B21C218A1DF98B580060F521 /* Info.plist */ = {isa = PBXFileReference; lastKnownFileType = text.plist.xml; path = Info.plist; sourceTree = "<group>"; };
		B21C21971DF98C0A0060F521 /* BulletView.h */ = {isa = PBXFileReference; fileEncoding = 4; lastKnownFileType = sourcecode.c.h; path = BulletView.h; sourceTree = "<group>"; };
		B21C21981DF98C0A0060F521 /* BulletView.m */ = {isa = PBXFileReference; fileEncoding = 4; lastKnownFileType = sourcecode.c.objc; path = BulletView.m; sourceTree = "<group>"; };
		B21C219A1DF998DC0060F521 /* BulletManager.h */ = {isa = PBXFileReference; fileEncoding = 4; lastKnownFileType = sourcecode.c.h; path = BulletManager.h; sourceTree = "<group>"; };
		B21C219B1DF998DC0060F521 /* BulletManager.m */ = {isa = PBXFileReference; fileEncoding = 4; lastKnownFileType = sourcecode.c.objc; path = BulletManager.m; sourceTree = "<group>"; };
/* End PBXFileReference section */

/* Begin PBXFrameworksBuildPhase section */
		B21C215D1DF98B580060F521 /* Frameworks */ = {
			isa = PBXFrameworksBuildPhase;
			buildActionMask = 2147483647;
			files = (
			);
			runOnlyForDeploymentPostprocessing = 0;
		};
		B21C21761DF98B580060F521 /* Frameworks */ = {
			isa = PBXFrameworksBuildPhase;
			buildActionMask = 2147483647;
			files = (
			);
			runOnlyForDeploymentPostprocessing = 0;
		};
		B21C21811DF98B580060F521 /* Frameworks */ = {
			isa = PBXFrameworksBuildPhase;
			buildActionMask = 2147483647;
			files = (
			);
			runOnlyForDeploymentPostprocessing = 0;
		};
/* End PBXFrameworksBuildPhase section */

/* Begin PBXGroup section */
		B21C21571DF98B580060F521 = {
			isa = PBXGroup;
			children = (
				B21C21621DF98B580060F521 /* com-danmu */,
				B21C217C1DF98B580060F521 /* com-danmuTests */,
				B21C21871DF98B580060F521 /* com-danmuUITests */,
				B21C21611DF98B580060F521 /* Products */,
			);
			sourceTree = "<group>";
		};
		B21C21611DF98B580060F521 /* Products */ = {
			isa = PBXGroup;
			children = (
				B21C21601DF98B580060F521 /* com-danmu.app */,
				B21C21791DF98B580060F521 /* com-danmuTests.xctest */,
				B21C21841DF98B580060F521 /* com-danmuUITests.xctest */,
			);
			name = Products;
			sourceTree = "<group>";
		};
		B21C21621DF98B580060F521 /* com-danmu */ = {
			isa = PBXGroup;
			children = (
				B21C21961DF98BF60060F521 /* class */,
				B21C21661DF98B580060F521 /* AppDelegate.h */,
				B21C21671DF98B580060F521 /* AppDelegate.m */,
				B21C21691DF98B580060F521 /* ViewController.h */,
				B21C216A1DF98B580060F521 /* ViewController.m */,
				B21C216C1DF98B580060F521 /* Main.storyboard */,
				B21C216F1DF98B580060F521 /* Assets.xcassets */,
				B21C21711DF98B580060F521 /* LaunchScreen.storyboard */,
				B21C21741DF98B580060F521 /* Info.plist */,
				B21C21631DF98B580060F521 /* Supporting Files */,
			);
			path = "com-danmu";
			sourceTree = "<group>";
		};
		B21C21631DF98B580060F521 /* Supporting Files */ = {
			isa = PBXGroup;
			children = (
				B21C21641DF98B580060F521 /* main.m */,
			);
			name = "Supporting Files";
			sourceTree = "<group>";
		};
		B21C217C1DF98B580060F521 /* com-danmuTests */ = {
			isa = PBXGroup;
			children = (
				B21C217D1DF98B580060F521 /* com_danmuTests.m */,
				B21C217F1DF98B580060F521 /* Info.plist */,
			);
			path = "com-danmuTests";
			sourceTree = "<group>";
		};
		B21C21871DF98B580060F521 /* com-danmuUITests */ = {
			isa = PBXGroup;
			children = (
				B21C21881DF98B580060F521 /* com_danmuUITests.m */,
				B21C218A1DF98B580060F521 /* Info.plist */,
			);
			path = "com-danmuUITests";
			sourceTree = "<group>";
		};
		B21C21961DF98BF60060F521 /* class */ = {
			isa = PBXGroup;
			children = (
				B21C21971DF98C0A0060F521 /* BulletView.h */,
				B21C21981DF98C0A0060F521 /* BulletView.m */,
				B21C219A1DF998DC0060F521 /* BulletManager.h */,
				B21C219B1DF998DC0060F521 /* BulletManager.m */,
			);
			path = class;
			sourceTree = "<group>";
		};
/* End PBXGroup section */

/* Begin PBXNativeTarget section */
		B21C215F1DF98B580060F521 /* com-danmu */ = {
			isa = PBXNativeTarget;
			buildConfigurationList = B21C218D1DF98B580060F521 /* Build configuration list for PBXNativeTarget "com-danmu" */;
			buildPhases = (
				B21C215C1DF98B580060F521 /* Sources */,
				B21C215D1DF98B580060F521 /* Frameworks */,
				B21C215E1DF98B580060F521 /* Resources */,
			);
			buildRules = (
			);
			dependencies = (
			);
			name = "com-danmu";
			productName = "com-danmu";
			productReference = B21C21601DF98B580060F521 /* com-danmu.app */;
			productType = "com.apple.product-type.application";
		};
		B21C21781DF98B580060F521 /* com-danmuTests */ = {
			isa = PBXNativeTarget;
			buildConfigurationList = B21C21901DF98B580060F521 /* Build configuration list for PBXNativeTarget "com-danmuTests" */;
			buildPhases = (
				B21C21751DF98B580060F521 /* Sources */,
				B21C21761DF98B580060F521 /* Frameworks */,
				B21C21771DF98B580060F521 /* Resources */,
			);
			buildRules = (
			);
			dependencies = (
				B21C217B1DF98B580060F521 /* PBXTargetDependency */,
			);
			name = "com-danmuTests";
			productName = "com-danmuTests";
			productReference = B21C21791DF98B580060F521 /* com-danmuTests.xctest */;
			productType = "com.apple.product-type.bundle.unit-test";
		};
		B21C21831DF98B580060F521 /* com-danmuUITests */ = {
			isa = PBXNativeTarget;
			buildConfigurationList = B21C21931DF98B580060F521 /* Build configuration list for PBXNativeTarget "com-danmuUITests" */;
			buildPhases = (
				B21C21801DF98B580060F521 /* Sources */,
				B21C21811DF98B580060F521 /* Frameworks */,
				B21C21821DF98B580060F521 /* Resources */,
			);
			buildRules = (
			);
			dependencies = (
				B21C21861DF98B580060F521 /* PBXTargetDependency */,
			);
			name = "com-danmuUITests";
			productName = "com-danmuUITests";
			productReference = B21C21841DF98B580060F521 /* com-danmuUITests.xctest */;
			productType = "com.apple.product-type.bundle.ui-testing";
		};
/* End PBXNativeTarget section */

/* Begin PBXProject section */
		B21C21581DF98B580060F521 /* Project object */ = {
			isa = PBXProject;
			attributes = {
				LastUpgradeCheck = 0810;
				ORGANIZATIONNAME = fiskz;
				TargetAttributes = {
					B21C215F1DF98B580060F521 = {
						CreatedOnToolsVersion = 8.1;
						DevelopmentTeam = AXTESR7SA4;
						ProvisioningStyle = Automatic;
					};
					B21C21781DF98B580060F521 = {
						CreatedOnToolsVersion = 8.1;
						DevelopmentTeam = AXTESR7SA4;
						ProvisioningStyle = Automatic;
						TestTargetID = B21C215F1DF98B580060F521;
					};
					B21C21831DF98B580060F521 = {
						CreatedOnToolsVersion = 8.1;
						DevelopmentTeam = AXTESR7SA4;
						ProvisioningStyle = Automatic;
						TestTargetID = B21C215F1DF98B580060F521;
					};
				};
			};
			buildConfigurationList = B21C215B1DF98B580060F521 /* Build configuration list for PBXProject "com-danmu" */;
			compatibilityVersion = "Xcode 3.2";
			developmentRegion = English;
			hasScannedForEncodings = 0;
			knownRegions = (
				en,
				Base,
			);
			mainGroup = B21C21571DF98B580060F521;
			productRefGroup = B21C21611DF98B580060F521 /* Products */;
			projectDirPath = "";
			projectRoot = "";
			targets = (
				B21C215F1DF98B580060F521 /* com-danmu */,
				B21C21781DF98B580060F521 /* com-danmuTests */,
				B21C21831DF98B580060F521 /* com-danmuUITests */,
			);
		};
/* End PBXProject section */

/* Begin PBXResourcesBuildPhase section */
		B21C215E1DF98B580060F521 /* Resources */ = {
			isa = PBXResourcesBuildPhase;
			buildActionMask = 2147483647;
			files = (
				B21C21731DF98B580060F521 /* LaunchScreen.storyboard in Resources */,
				B21C21701DF98B580060F521 /* Assets.xcassets in Resources */,
				B21C216E1DF98B580060F521 /* Main.storyboard in Resources */,
			);
			runOnlyForDeploymentPostprocessing = 0;
		};
		B21C21771DF98B580060F521 /* Resources */ = {
			isa = PBXResourcesBuildPhase;
			buildActionMask = 2147483647;
			files = (
			);
			runOnlyForDeploymentPostprocessing = 0;
		};
		B21C21821DF98B580060F521 /* Resources */ = {
			isa = PBXResourcesBuildPhase;
			buildActionMask = 2147483647;
			files = (
			);
			runOnlyForDeploymentPostprocessing = 0;
		};
/* End PBXResourcesBuildPhase section */

/* Begin PBXSourcesBuildPhase section */
		B21C215C1DF98B580060F521 /* Sources */ = {
			isa = PBXSourcesBuildPhase;
			buildActionMask = 2147483647;
			files = (
				B21C216B1DF98B580060F521 /* ViewController.m in Sources */,
				B21C21681DF98B580060F521 /* AppDelegate.m in Sources */,
				B21C21991DF98C0A0060F521 /* BulletView.m in Sources */,
				B21C21651DF98B580060F521 /* main.m in Sources */,
				B21C219C1DF998DC0060F521 /* BulletManager.m in Sources */,
			);
			runOnlyForDeploymentPostprocessing = 0;
		};
		B21C21751DF98B580060F521 /* Sources */ = {
			isa = PBXSourcesBuildPhase;
			buildActionMask = 2147483647;
			files = (
				B21C217E1DF98B580060F521 /* com_danmuTests.m in Sources */,
			);
			runOnlyForDeploymentPostprocessing = 0;
		};
		B21C21801DF98B580060F521 /* Sources */ = {
			isa = PBXSourcesBuildPhase;
			buildActionMask = 2147483647;
			files = (
				B21C21891DF98B580060F521 /* com_danmuUITests.m in Sources */,
			);
			runOnlyForDeploymentPostprocessing = 0;
		};
/* End PBXSourcesBuildPhase section */

/* Begin PBXTargetDependency section */
		B21C217B1DF98B580060F521 /* PBXTargetDependency */ = {
			isa = PBXTargetDependency;
			target = B21C215F1DF98B580060F521 /* com-danmu */;
			targetProxy = B21C217A1DF98B580060F521 /* PBXContainerItemProxy */;
		};
		B21C21861DF98B580060F521 /* PBXTargetDependency */ = {
			isa = PBXTargetDependency;
			target = B21C215F1DF98B580060F521 /* com-danmu */;
			targetProxy = B21C21851DF98B580060F521 /* PBXContainerItemProxy */;
		};
/* End PBXTargetDependency section */

/* Begin PBXVariantGroup section */
		B21C216C1DF98B580060F521 /* Main.storyboard */ = {
			isa = PBXVariantGroup;
			children = (
				B21C216D1DF98B580060F521 /* Base */,
			);
			name = Main.storyboard;
			sourceTree = "<group>";
		};
		B21C21711DF98B580060F521 /* LaunchScreen.storyboard */ = {
			isa = PBXVariantGroup;
			children = (
				B21C21721DF98B580060F521 /* Base */,
			);
			name = LaunchScreen.storyboard;
			sourceTree = "<group>";
		};
/* End PBXVariantGroup section */

/* Begin XCBuildConfiguration section */
		B21C218B1DF98B580060F521 /* Debug */ = {
			isa = XCBuildConfiguration;
			buildSettings = {
				ALWAYS_SEARCH_USER_PATHS = NO;
				CLANG_ANALYZER_NONNULL = YES;
				CLANG_CXX_LANGUAGE_STANDARD = "gnu++0x";
				CLANG_CXX_LIBRARY = "libc++";
				CLANG_ENABLE_MODULES = YES;
				CLANG_ENABLE_OBJC_ARC = YES;
				CLANG_WARN_BOOL_CONVERSION = YES;
				CLANG_WARN_CONSTANT_CONVERSION = YES;
				CLANG_WARN_DIRECT_OBJC_ISA_USAGE = YES_ERROR;
				CLANG_WARN_DOCUMENTATION_COMMENTS = YES;
				CLANG_WARN_EMPTY_BODY = YES;
				CLANG_WARN_ENUM_CONVERSION = YES;
				CLANG_WARN_INFINITE_RECURSION = YES;
				CLANG_WARN_INT_CONVERSION = YES;
				CLANG_WARN_OBJC_ROOT_CLASS = YES_ERROR;
				CLANG_WARN_SUSPICIOUS_MOVES = YES;
				CLANG_WARN_UNREACHABLE_CODE = YES;
				CLANG_WARN__DUPLICATE_METHOD_MATCH = YES;
				"CODE_SIGN_IDENTITY[sdk=iphoneos*]" = "iPhone Developer";
				COPY_PHASE_STRIP = NO;
				DEBUG_INFORMATION_FORMAT = dwarf;
				ENABLE_STRICT_OBJC_MSGSEND = YES;
				ENABLE_TESTABILITY = YES;
				GCC_C_LANGUAGE_STANDARD = gnu99;
				GCC_DYNAMIC_NO_PIC = NO;
				GCC_NO_COMMON_BLOCKS = YES;
				GCC_OPTIMIZATION_LEVEL = 0;
				GCC_PREPROCESSOR_DEFINITIONS = (
					"DEBUG=1",
					"$(inherited)",
				);
				GCC_WARN_64_TO_32_BIT_CONVERSION = YES;
				GCC_WARN_ABOUT_RETURN_TYPE = YES_ERROR;
				GCC_WARN_UNDECLARED_SELECTOR = YES;
				GCC_WARN_UNINITIALIZED_AUTOS = YES_AGGRESSIVE;
				GCC_WARN_UNUSED_FUNCTION = YES;
				GCC_WARN_UNUSED_VARIABLE = YES;
				IPHONEOS_DEPLOYMENT_TARGET = 10.1;
				MTL_ENABLE_DEBUG_INFO = YES;
				ONLY_ACTIVE_ARCH = YES;
				SDKROOT = iphoneos;
			};
			name = Debug;
		};
		B21C218C1DF98B580060F521 /* Release */ = {
			isa = XCBuildConfiguration;
			buildSettings = {
				ALWAYS_SEARCH_USER_PATHS = NO;
				CLANG_ANALYZER_NONNULL = YES;
				CLANG_CXX_LANGUAGE_STANDARD = "gnu++0x";
				CLANG_CXX_LIBRARY = "libc++";
				CLANG_ENABLE_MODULES = YES;
				CLANG_ENABLE_OBJC_ARC = YES;
				CLANG_WARN_BOOL_CONVERSION = YES;
				CLANG_WARN_CONSTANT_CONVERSION = YES;
				CLANG_WARN_DIRECT_OBJC_ISA_USAGE = YES_ERROR;
				CLANG_WARN_DOCUMENTATION_COMMENTS = YES;
				CLANG_WARN_EMPTY_BODY = YES;
				CLANG_WARN_ENUM_CONVERSION = YES;
				CLANG_WARN_INFINITE_RECURSION = YES;
				CLANG_WARN_INT_CONVERSION = YES;
				CLANG_WARN_OBJC_ROOT_CLASS = YES_ERROR;
				CLANG_WARN_SUSPICIOUS_MOVES = YES;
				CLANG_WARN_UNREACHABLE_CODE = YES;
				CLANG_WARN__DUPLICATE_METHOD_MATCH = YES;
				"CODE_SIGN_IDENTITY[sdk=iphoneos*]" = "iPhone Developer";
				COPY_PHASE_STRIP = NO;
				DEBUG_INFORMATION_FORMAT = "dwarf-with-dsym";
				ENABLE_NS_ASSERTIONS = NO;
				ENABLE_STRICT_OBJC_MSGSEND = YES;
				GCC_C_LANGUAGE_STANDARD = gnu99;
				GCC_NO_COMMON_BLOCKS = YES;
				GCC_WARN_64_TO_32_BIT_CONVERSION = YES;
				GCC_WARN_ABOUT_RETURN_TYPE = YES_ERROR;
				GCC_WARN_UNDECLARED_SELECTOR = YES;
				GCC_WARN_UNINITIALIZED_AUTOS = YES_AGGRESSIVE;
				GCC_WARN_UNUSED_FUNCTION = YES;
				GCC_WARN_UNUSED_VARIABLE = YES;
				IPHONEOS_DEPLOYMENT_TARGET = 10.1;
				MTL_ENABLE_DEBUG_INFO = NO;
				SDKROOT = iphoneos;
				VALIDATE_PRODUCT = YES;
			};
			name = Release;
		};
		B21C218E1DF98B580060F521 /* Debug */ = {
			isa = XCBuildConfiguration;
			buildSettings = {
				ASSETCATALOG_COMPILER_APPICON_NAME = AppIcon;
				DEVELOPMENT_TEAM = AXTESR7SA4;
				INFOPLIST_FILE = "com-danmu/Info.plist";
				LD_RUNPATH_SEARCH_PATHS = "$(inherited) @executable_path/Frameworks";
				PRODUCT_BUNDLE_IDENTIFIER = "fiskz.com-danmu";
				PRODUCT_NAME = "$(TARGET_NAME)";
			};
			name = Debug;
		};
		B21C218F1DF98B580060F521 /* Release */ = {
			isa = XCBuildConfiguration;
			buildSettings = {
				ASSETCATALOG_COMPILER_APPICON_NAME = AppIcon;
				DEVELOPMENT_TEAM = AXTESR7SA4;
				INFOPLIST_FILE = "com-danmu/Info.plist";
				LD_RUNPATH_SEARCH_PATHS = "$(inherited) @executable_path/Frameworks";
				PRODUCT_BUNDLE_IDENTIFIER = "fiskz.com-danmu";
				PRODUCT_NAME = "$(TARGET_NAME)";
			};
			name = Release;
		};
		B21C21911DF98B580060F521 /* Debug */ = {
			isa = XCBuildConfiguration;
			buildSettings = {
				BUNDLE_LOADER = "$(TEST_HOST)";
				DEVELOPMENT_TEAM = AXTESR7SA4;
				INFOPLIST_FILE = "com-danmuTests/Info.plist";
				LD_RUNPATH_SEARCH_PATHS = "$(inherited) @executable_path/Frameworks @loader_path/Frameworks";
				PRODUCT_BUNDLE_IDENTIFIER = "fiskz.com-danmuTests";
				PRODUCT_NAME = "$(TARGET_NAME)";
				TEST_HOST = "$(BUILT_PRODUCTS_DIR)/com-danmu.app/com-danmu";
			};
			name = Debug;
		};
		B21C21921DF98B580060F521 /* Release */ = {
			isa = XCBuildConfiguration;
			buildSettings = {
				BUNDLE_LOADER = "$(TEST_HOST)";
				DEVELOPMENT_TEAM = AXTESR7SA4;
				INFOPLIST_FILE = "com-danmuTests/Info.plist";
				LD_RUNPATH_SEARCH_PATHS = "$(inherited) @executable_path/Frameworks @loader_path/Frameworks";
				PRODUCT_BUNDLE_IDENTIFIER = "fiskz.com-danmuTests";
				PRODUCT_NAME = "$(TARGET_NAME)";
				TEST_HOST = "$(BUILT_PRODUCTS_DIR)/com-danmu.app/com-danmu";
			};
			name = Release;
		};
		B21C21941DF98B580060F521 /* Debug */ = {
			isa = XCBuildConfiguration;
			buildSettings = {
				DEVELOPMENT_TEAM = AXTESR7SA4;
				INFOPLIST_FILE = "com-danmuUITests/Info.plist";
				LD_RUNPATH_SEARCH_PATHS = "$(inherited) @executable_path/Frameworks @loader_path/Frameworks";
				PRODUCT_BUNDLE_IDENTIFIER = "fiskz.com-danmuUITests";
				PRODUCT_NAME = "$(TARGET_NAME)";
				TEST_TARGET_NAME = "com-danmu";
			};
			name = Debug;
		};
		B21C21951DF98B580060F521 /* Release */ = {
			isa = XCBuildConfiguration;
			buildSettings = {
				DEVELOPMENT_TEAM = AXTESR7SA4;
				INFOPLIST_FILE = "com-danmuUITests/Info.plist";
				LD_RUNPATH_SEARCH_PATHS = "$(inherited) @executable_path/Frameworks @loader_path/Frameworks";
				PRODUCT_BUNDLE_IDENTIFIER = "fiskz.com-danmuUITests";
				PRODUCT_NAME = "$(TARGET_NAME)";
				TEST_TARGET_NAME = "com-danmu";
			};
			name = Release;
		};
/* End XCBuildConfiguration section */

/* Begin XCConfigurationList section */
		B21C215B1DF98B580060F521 /* Build configuration list for PBXProject "com-danmu" */ = {
			isa = XCConfigurationList;
			buildConfigurations = (
				B21C218B1DF98B580060F521 /* Debug */,
				B21C218C1DF98B580060F521 /* Release */,
			);
			defaultConfigurationIsVisible = 0;
			defaultConfigurationName = Release;
		};
		B21C218D1DF98B580060F521 /* Build configuration list for PBXNativeTarget "com-danmu" */ = {
			isa = XCConfigurationList;
			buildConfigurations = (
				B21C218E1DF98B580060F521 /* Debug */,
				B21C218F1DF98B580060F521 /* Release */,
			);
			defaultConfigurationIsVisible = 0;
			defaultConfigurationName = Release;
		};
		B21C21901DF98B580060F521 /* Build configuration list for PBXNativeTarget "com-danmuTests" */ = {
			isa = XCConfigurationList;
			buildConfigurations = (
				B21C21911DF98B580060F521 /* Debug */,
				B21C21921DF98B580060F521 /* Release */,
			);
			defaultConfigurationIsVisible = 0;
			defaultConfigurationName = Release;
		};
		B21C21931DF98B580060F521 /* Build configuration list for PBXNativeTarget "com-danmuUITests" */ = {
			isa = XCConfigurationList;
			buildConfigurations = (
				B21C21941DF98B580060F521 /* Debug */,
				B21C21951DF98B580060F521 /* Release */,
			);
			defaultConfigurationIsVisible = 0;
			defaultConfigurationName = Release;
		};
/* End XCConfigurationList section */
	};
	rootObject = B21C21581DF98B580060F521 /* Project object */;
}
